
Microsoft Visual Studio Solution File, Format Version 12.00
# Visual Studio Version 16
VisualStudioVersion = 16.0.30114.105
MinimumVisualStudioVersion = 10.0.40219.1
Project("{9A19103F-16F7-4668-BE54-9A1E7A4F7556}") = "CarRental.Core", "CarRental.Core\CarRental.Core.csproj", "{888FEED7-F5A5-4CCD-8EBF-62F38469167D}"
EndProject
Project("{9A19103F-16F7-4668-BE54-9A1E7A4F7556}") = "CarRental.Infrastructure", "CarRental.Infrastructure\CarRental.Infrastructure.csproj", "{C8C9B733-AD4D-4723-BEE8-4DFC1B0CF0C3}"
EndProject
Project("{9A19103F-16F7-4668-BE54-9A1E7A4F7556}") = "CarRental.WebAPI", "CarRental.WebAPI\CarRental.WebAPI.csproj", "{9466C667-6B58-49E1-8E71-A72ED30EDDB0}"
EndProject
Project("{FAE04EC0-301F-11D3-BF4B-00C04F79EFBC}") = "CarRental.WebApp", "CarRental.WebApp\CarRental.WebApp.csproj", "{7A48CA12-36B8-4724-B706-A1B79B7C8A99}"
EndProject
Global
	GlobalSection(SolutionConfigurationPlatforms) = preSolution
		Debug|Any CPU = Debug|Any CPU
		Debug|x64 = Debug|x64
		Debug|x86 = Debug|x86
		Release|Any CPU = Release|Any CPU
		Release|x64 = Release|x64
		Release|x86 = Release|x86
	EndGlobalSection
	GlobalSection(ProjectConfigurationPlatforms) = postSolution
		{888FEED7-F5A5-4CCD-8EBF-62F38469167D}.Debug|Any CPU.ActiveCfg = Debug|Any CPU
		{888FEED7-F5A5-4CCD-8EBF-62F38469167D}.Debug|Any CPU.Build.0 = Debug|Any CPU
		{888FEED7-F5A5-4CCD-8EBF-62F38469167D}.Debug|x64.ActiveCfg = Debug|Any CPU
		{888FEED7-F5A5-4CCD-8EBF-62F38469167D}.Debug|x64.Build.0 = Debug|Any CPU
		{888FEED7-F5A5-4CCD-8EBF-62F38469167D}.Debug|x86.ActiveCfg = Debug|Any CPU
		{888FEED7-F5A5-4CCD-8EBF-62F38469167D}.Debug|x86.Build.0 = Debug|Any CPU
		{888FEED7-F5A5-4CCD-8EBF-62F38469167D}.Release|Any CPU.ActiveCfg = Release|Any CPU
		{888FEED7-F5A5-4CCD-8EBF-62F38469167D}.Release|Any CPU.Build.0 = Release|Any CPU
		{888FEED7-F5A5-4CCD-8EBF-62F38469167D}.Release|x64.ActiveCfg = Release|Any CPU
		{888FEED7-F5A5-4CCD-8EBF-62F38469167D}.Release|x64.Build.0 = Release|Any CPU
		{888FEED7-F5A5-4CCD-8EBF-62F38469167D}.Release|x86.ActiveCfg = Release|Any CPU
		{888FEED7-F5A5-4CCD-8EBF-62F38469167D}.Release|x86.Build.0 = Release|Any CPU
		{C8C9B733-AD4D-4723-BEE8-4DFC1B0CF0C3}.Debug|Any CPU.ActiveCfg = Debug|Any CPU
		{C8C9B733-AD4D-4723-BEE8-4DFC1B0CF0C3}.Debug|Any CPU.Build.0 = Debug|Any CPU
		{C8C9B733-AD4D-4723-BEE8-4DFC1B0CF0C3}.Debug|x64.ActiveCfg = Debug|Any CPU
		{C8C9B733-AD4D-4723-BEE8-4DFC1B0CF0C3}.Debug|x64.Build.0 = Debug|Any CPU
		{C8C9B733-AD4D-4723-BEE8-4DFC1B0CF0C3}.Debug|x86.ActiveCfg = Debug|Any CPU
		{C8C9B733-AD4D-4723-BEE8-4DFC1B0CF0C3}.Debug|x86.Build.0 = Debug|Any CPU
		{C8C9B733-AD4D-4723-BEE8-4DFC1B0CF0C3}.Release|Any CPU.ActiveCfg = Release|Any CPU
		{C8C9B733-AD4D-4723-BEE8-4DFC1B0CF0C3}.Release|Any CPU.Build.0 = Release|Any CPU
		{C8C9B733-AD4D-4723-BEE8-4DFC1B0CF0C3}.Release|x64.ActiveCfg = Release|Any CPU
		{C8C9B733-AD4D-4723-BEE8-4DFC1B0CF0C3}.Release|x64.Build.0 = Release|Any CPU
		{C8C9B733-AD4D-4723-BEE8-4DFC1B0CF0C3}.Release|x86.ActiveCfg = Release|Any CPU
		{C8C9B733-AD4D-4723-BEE8-4DFC1B0CF0C3}.Release|x86.Build.0 = Release|Any CPU
		{9466C667-6B58-49E1-8E71-A72ED30EDDB0}.Debug|Any CPU.ActiveCfg = Debug|Any CPU
		{9466C667-6B58-49E1-8E71-A72ED30EDDB0}.Debug|Any CPU.Build.0 = Debug|Any CPU
		{9466C667-6B58-49E1-8E71-A72ED30EDDB0}.Debug|x64.ActiveCfg = Debug|Any CPU
		{9466C667-6B58-49E1-8E71-A72ED30EDDB0}.Debug|x64.Build.0 = Debug|Any CPU
		{9466C667-6B58-49E1-8E71-A72ED30EDDB0}.Debug|x86.ActiveCfg = Debug|Any CPU
		{9466C667-6B58-49E1-8E71-A72ED30EDDB0}.Debug|x86.Build.0 = Debug|Any CPU
		{9466C667-6B58-49E1-8E71-A72ED30EDDB0}.Release|Any CPU.ActiveCfg = Release|Any CPU
		{9466C667-6B58-49E1-8E71-A72ED30EDDB0}.Release|Any CPU.Build.0 = Release|Any CPU
		{9466C667-6B58-49E1-8E71-A72ED30EDDB0}.Release|x64.ActiveCfg = Release|Any CPU
		{9466C667-6B58-49E1-8E71-A72ED30EDDB0}.Release|x64.Build.0 = Release|Any CPU
		{9466C667-6B58-49E1-8E71-A72ED30EDDB0}.Release|x86.ActiveCfg = Release|Any CPU
		{9466C667-6B58-49E1-8E71-A72ED30EDDB0}.Release|x86.Build.0 = Release|Any CPU
		{7A48CA12-36B8-4724-B706-A1B79B7C8A99}.Debug|Any CPU.ActiveCfg = Debug|Any CPU
		{7A48CA12-36B8-4724-B706-A1B79B7C8A99}.Debug|Any CPU.Build.0 = Debug|Any CPU
		{7A48CA12-36B8-4724-B706-A1B79B7C8A99}.Debug|x64.ActiveCfg = Debug|Any CPU
		{7A48CA12-36B8-4724-B706-A1B79B7C8A99}.Debug|x64.Build.0 = Debug|Any CPU
		{7A48CA12-36B8-4724-B706-A1B79B7C8A99}.Debug|x86.ActiveCfg = Debug|Any CPU
		{7A48CA12-36B8-4724-B706-A1B79B7C8A99}.Debug|x86.Build.0 = Debug|Any CPU
		{7A48CA12-36B8-4724-B706-A1B79B7C8A99}.Release|Any CPU.ActiveCfg = Release|Any CPU
		{7A48CA12-36B8-4724-B706-A1B79B7C8A99}.Release|Any CPU.Build.0 = Release|Any CPU
		{7A48CA12-36B8-4724-B706-A1B79B7C8A99}.Release|x64.ActiveCfg = Release|Any CPU
		{7A48CA12-36B8-4724-B706-A1B79B7C8A99}.Release|x64.Build.0 = Release|Any CPU
		{7A48CA12-36B8-4724-B706-A1B79B7C8A99}.Release|x86.ActiveCfg = Release|Any CPU
		{7A48CA12-36B8-4724-B706-A1B79B7C8A99}.Release|x86.Build.0 = Release|Any CPU
	EndGlobalSection
	GlobalSection(SolutionProperties) = preSolution
		HideSolutionNode = FALSE
	EndGlobalSection
	GlobalSection(ExtensibilityGlobals) = postSolution
		SolutionGuid = {70D56273-7AC5-4E03-A9BF-4B762D08ADBA}
	EndGlobalSection
EndGlobal
